speakeasyVersion: 1.423.1
sources:
    EmissaryClient-OAS:
        sourceNamespace: emissary-client-oas
        sourceRevisionDigest: sha256:78467ad76e31156379716f2378f415ceefa2c69a9da085b14764fd601b473eac
        sourceBlobDigest: sha256:67625eaa7fee0d061569e90f36eaded43f7888316c8e2006bc21706382419514
        tags:
            - latest
            - main
targets:
    emissary-client:
        source: EmissaryClient-OAS
        sourceNamespace: emissary-client-oas
        sourceRevisionDigest: sha256:78467ad76e31156379716f2378f415ceefa2c69a9da085b14764fd601b473eac
        sourceBlobDigest: sha256:67625eaa7fee0d061569e90f36eaded43f7888316c8e2006bc21706382419514
        codeSamplesNamespace: emissary-client-oas-code-samples
        codeSamplesRevisionDigest: sha256:0d6fb74dfb19eefad23b2b813eec98f42f48f6ba42baf975b6f5cc34e2da3c55
workflow:
    workflowVersion: 1.0.0
    speakeasyVersion: latest
    sources:
        EmissaryClient-OAS:
            inputs:
                - location: openapi.yaml
            overlays:
                - location: .speakeasy/speakeasy-modifications-overlay.yaml
            registry:
                location: registry.speakeasyapi.dev/emissary/emissary/emissary-client-oas
    targets:
        emissary-client:
            target: python
            source: EmissaryClient-OAS
            publish:
                pypi:
                    token: $pypi_token
            codeSamples:
                registry:
                    location: registry.speakeasyapi.dev/emissary/emissary/emissary-client-oas-code-samples
                blocking: false
