speakeasyVersion: 1.423.5
sources:
    EmissaryClient-OAS:
        sourceNamespace: emissary-client-oas
        sourceRevisionDigest: sha256:856c8ca0c3f94038458c46c223b1b2bbdcd46a81f78c4c4d707e376ed674547e
        sourceBlobDigest: sha256:8696e2f8b1e3475b5ee94bec3b9896cf085b747112c39fd8c11c3de2fba3bc2d
        tags:
            - latest
            - feature-global-path-parameter
targets:
    emissary-client:
        source: EmissaryClient-OAS
        sourceNamespace: emissary-client-oas
        sourceRevisionDigest: sha256:856c8ca0c3f94038458c46c223b1b2bbdcd46a81f78c4c4d707e376ed674547e
        sourceBlobDigest: sha256:8696e2f8b1e3475b5ee94bec3b9896cf085b747112c39fd8c11c3de2fba3bc2d
        codeSamplesNamespace: emissary-client-oas-code-samples
        codeSamplesRevisionDigest: sha256:9d22836fbd8874a1b8808a0722e8619a88acc0aa9522f234c80d8e9f4edec1be
workflow:
    workflowVersion: 1.0.0
    speakeasyVersion: latest
    sources:
        EmissaryClient-OAS:
            inputs:
                - location: openapi.yaml
            registry:
                location: registry.speakeasyapi.dev/emissary/emissary/emissary-client-oas
    targets:
        emissary-client:
            target: python
            source: EmissaryClient-OAS
            publish:
                pypi:
                    token: $pypi_token
            codeSamples:
                registry:
                    location: registry.speakeasyapi.dev/emissary/emissary/emissary-client-oas-code-samples
                blocking: false
